{
  "name": "compile",
  "lockfileVersion": 3,
  "requires": true,
  "packages": {
    "": {
      "dependencies": {
        "markdown-include": "^0.4.3"
      }
    },
    "node_modules/markdown-include": {
      "version": "0.4.3",
      "resolved": "https://registry.npmjs.org/markdown-include/-/markdown-include-0.4.3.tgz",
      "integrity": "sha512-kw1f+iJ8jAH9SYljv2RXmhRQFr2oMPPVdyoKaZIH+uA1rrQqDjLk6EQZW65oVz1Y+BkC3V//9lEvKKjRZNb1Jg==",
      "license": "ISC",
      "dependencies": {
        "q": "^1.2.0"
      },
      "bin": {
        "markdown-include": "bin/cli.js"
      }
    },
    "node_modules/q": {
      "version": "1.5.1",
      "resolved": "https://registry.npmjs.org/q/-/q-1.5.1.tgz",
      "integrity": "sha512-kV/CThkXo6xyFEZUugw/+pIOywXcDbFYgSct5cT3gqlbkBE1SJdwy6UQoZvodiWF/ckQLZyDE/Bu1M6gVu5lVw==",
      "deprecated": "You or someone you depend on is using Q, the JavaScript Promise library that gave JavaScript developers strong feelings about promises. They can almost certainly migrate to the native JavaScript promise now. Thank you literally everyone for joining me in this bet against the odds. Be excellent to each other.\n\n(For a CapTP with native promises, see @endo/eventual-send and @endo/captp)",
      "license": "MIT",
      "engines": {
        "node": ">=0.6.0",
        "teleport": ">=0.2.0"
      }
    }
  }
}
